// !$*UTF8*$!
{
	archiveVersion = 1;
	classes = {
	};
	objectVersion = 55;
	objects = {

/* Begin PBXBuildFile section */
		8556C469276E19AA00DAF611 /* AppDelegate.swift in Sources */ = {isa = PBXBuildFile; fileRef = 8556C468276E19AA00DAF611 /* AppDelegate.swift */; };
		8556C46B276E19AA00DAF611 /* SceneDelegate.swift in Sources */ = {isa = PBXBuildFile; fileRef = 8556C46A276E19AA00DAF611 /* SceneDelegate.swift */; };
		8556C46D276E19AA00DAF611 /* DayViewController.swift in Sources */ = {isa = PBXBuildFile; fileRef = 8556C46C276E19AA00DAF611 /* DayViewController.swift */; };
		8556C470276E19AA00DAF611 /* Main.storyboard in Resources */ = {isa = PBXBuildFile; fileRef = 8556C46E276E19AA00DAF611 /* Main.storyboard */; };
		8556C475276E19AF00DAF611 /* Assets.xcassets in Resources */ = {isa = PBXBuildFile; fileRef = 8556C474276E19AF00DAF611 /* Assets.xcassets */; };
		8556C478276E19AF00DAF611 /* LaunchScreen.storyboard in Resources */ = {isa = PBXBuildFile; fileRef = 8556C476276E19AF00DAF611 /* LaunchScreen.storyboard */; };
		8556C480276E363200DAF611 /* Week.swift in Sources */ = {isa = PBXBuildFile; fileRef = 8556C47F276E363200DAF611 /* Week.swift */; };
		8566CFA1276F5FE4008BD78B /* KeywordViewController.swift in Sources */ = {isa = PBXBuildFile; fileRef = 8566CFA0276F5FE4008BD78B /* KeywordViewController.swift */; };
		8566CFA3276F6002008BD78B /* WeekViewController.swift in Sources */ = {isa = PBXBuildFile; fileRef = 8566CFA2276F6002008BD78B /* WeekViewController.swift */; };
		85C39A71276F76BB008FC2E5 /* DaysTableViewCell.swift in Sources */ = {isa = PBXBuildFile; fileRef = 85C39A70276F76BB008FC2E5 /* DaysTableViewCell.swift */; };
		85C39A75276F9911008FC2E5 /* Time_Visualizer.xcdatamodeld in Sources */ = {isa = PBXBuildFile; fileRef = 85C39A73276F9911008FC2E5 /* Time_Visualizer.xcdatamodeld */; };
		85C39A77276F9B40008FC2E5 /* WeekTableViewCell.swift in Sources */ = {isa = PBXBuildFile; fileRef = 85C39A76276F9B40008FC2E5 /* WeekTableViewCell.swift */; };
		85C39A79276FBCA0008FC2E5 /* KeywordViewControllerDelegate.swift in Sources */ = {isa = PBXBuildFile; fileRef = 85C39A78276FBCA0008FC2E5 /* KeywordViewControllerDelegate.swift */; };
		85C39A7B276FEE5A008FC2E5 /* TextChangeDelegate.swift in Sources */ = {isa = PBXBuildFile; fileRef = 85C39A7A276FEE5A008FC2E5 /* TextChangeDelegate.swift */; };
		8FD8BF139FB7F9CC1E0526D8 /* Pods_Time_Visualizer.framework in Frameworks */ = {isa = PBXBuildFile; fileRef = 5A014D1A8DDFE6F30AB9A55C /* Pods_Time_Visualizer.framework */; };
/* End PBXBuildFile section */

/* Begin PBXFileReference section */
		5949F0A1C27558D9AF374EA2 /* Pods-Time Visualizer.release.xcconfig */ = {isa = PBXFileReference; includeInIndex = 1; lastKnownFileType = text.xcconfig; name = "Pods-Time Visualizer.release.xcconfig"; path = "Target Support Files/Pods-Time Visualizer/Pods-Time Visualizer.release.xcconfig"; sourceTree = "<group>"; };
		5A014D1A8DDFE6F30AB9A55C /* Pods_Time_Visualizer.framework */ = {isa = PBXFileReference; explicitFileType = wrapper.framework; includeInIndex = 0; path = Pods_Time_Visualizer.framework; sourceTree = BUILT_PRODUCTS_DIR; };
		6F5C016FB238701F2CB6B2BE /* Pods-Time Visualizer.debug.xcconfig */ = {isa = PBXFileReference; includeInIndex = 1; lastKnownFileType = text.xcconfig; name = "Pods-Time Visualizer.debug.xcconfig"; path = "Target Support Files/Pods-Time Visualizer/Pods-Time Visualizer.debug.xcconfig"; sourceTree = "<group>"; };
		8556C465276E19AA00DAF611 /* Time Visualizer.app */ = {isa = PBXFileReference; explicitFileType = wrapper.application; includeInIndex = 0; path = "Time Visualizer.app"; sourceTree = BUILT_PRODUCTS_DIR; };
		8556C468276E19AA00DAF611 /* AppDelegate.swift */ = {isa = PBXFileReference; lastKnownFileType = sourcecode.swift; path = AppDelegate.swift; sourceTree = "<group>"; };
		8556C46A276E19AA00DAF611 /* SceneDelegate.swift */ = {isa = PBXFileReference; lastKnownFileType = sourcecode.swift; path = SceneDelegate.swift; sourceTree = "<group>"; };
		8556C46C276E19AA00DAF611 /* DayViewController.swift */ = {isa = PBXFileReference; lastKnownFileType = sourcecode.swift; path = DayViewController.swift; sourceTree = "<group>"; };
		8556C46F276E19AA00DAF611 /* Base */ = {isa = PBXFileReference; lastKnownFileType = file.storyboard; name = Base; path = Base.lproj/Main.storyboard; sourceTree = "<group>"; };
		8556C474276E19AF00DAF611 /* Assets.xcassets */ = {isa = PBXFileReference; lastKnownFileType = folder.assetcatalog; path = Assets.xcassets; sourceTree = "<group>"; };
		8556C477276E19AF00DAF611 /* Base */ = {isa = PBXFileReference; lastKnownFileType = file.storyboard; name = Base; path = Base.lproj/LaunchScreen.storyboard; sourceTree = "<group>"; };
		8556C479276E19AF00DAF611 /* Info.plist */ = {isa = PBXFileReference; lastKnownFileType = text.plist.xml; path = Info.plist; sourceTree = "<group>"; };
		8556C47F276E363200DAF611 /* Week.swift */ = {isa = PBXFileReference; lastKnownFileType = sourcecode.swift; path = Week.swift; sourceTree = "<group>"; };
		8566CFA0276F5FE4008BD78B /* KeywordViewController.swift */ = {isa = PBXFileReference; lastKnownFileType = sourcecode.swift; path = KeywordViewController.swift; sourceTree = "<group>"; };
		8566CFA2276F6002008BD78B /* WeekViewController.swift */ = {isa = PBXFileReference; lastKnownFileType = sourcecode.swift; path = WeekViewController.swift; sourceTree = "<group>"; };
		85C39A70276F76BB008FC2E5 /* DaysTableViewCell.swift */ = {isa = PBXFileReference; lastKnownFileType = sourcecode.swift; path = DaysTableViewCell.swift; sourceTree = "<group>"; };
		85C39A74276F9911008FC2E5 /* Time_Visualizer.xcdatamodel */ = {isa = PBXFileReference; lastKnownFileType = wrapper.xcdatamodel; path = Time_Visualizer.xcdatamodel; sourceTree = "<group>"; };
		85C39A76276F9B40008FC2E5 /* WeekTableViewCell.swift */ = {isa = PBXFileReference; lastKnownFileType = sourcecode.swift; path = WeekTableViewCell.swift; sourceTree = "<group>"; };
		85C39A78276FBCA0008FC2E5 /* KeywordViewControllerDelegate.swift */ = {isa = PBXFileReference; lastKnownFileType = sourcecode.swift; path = KeywordViewControllerDelegate.swift; sourceTree = "<group>"; };
		85C39A7A276FEE5A008FC2E5 /* TextChangeDelegate.swift */ = {isa = PBXFileReference; lastKnownFileType = sourcecode.swift; path = TextChangeDelegate.swift; sourceTree = "<group>"; };
/* End PBXFileReference section */

/* Begin PBXFrameworksBuildPhase section */
		8556C462276E19AA00DAF611 /* Frameworks */ = {
			isa = PBXFrameworksBuildPhase;
			buildActionMask = 2147483647;
			files = (
				8FD8BF139FB7F9CC1E0526D8 /* Pods_Time_Visualizer.framework in Frameworks */,
			);
			runOnlyForDeploymentPostprocessing = 0;
		};
/* End PBXFrameworksBuildPhase section */

/* Begin PBXGroup section */
		1AFE507B7C5F4CD6CC9E6CB3 /* Frameworks */ = {
			isa = PBXGroup;
			children = (
				5A014D1A8DDFE6F30AB9A55C /* Pods_Time_Visualizer.framework */,
			);
			name = Frameworks;
			sourceTree = "<group>";
		};
		8556C45C276E19AA00DAF611 = {
			isa = PBXGroup;
			children = (
				8556C467276E19AA00DAF611 /* Time Visualizer */,
				8556C466276E19AA00DAF611 /* Products */,
				D0EA5850B9431F74D7872C4C /* Pods */,
				1AFE507B7C5F4CD6CC9E6CB3 /* Frameworks */,
			);
			sourceTree = "<group>";
		};
		8556C466276E19AA00DAF611 /* Products */ = {
			isa = PBXGroup;
			children = (
				8556C465276E19AA00DAF611 /* Time Visualizer.app */,
			);
			name = Products;
			sourceTree = "<group>";
		};
		8556C467276E19AA00DAF611 /* Time Visualizer */ = {
			isa = PBXGroup;
			children = (
				8556C468276E19AA00DAF611 /* AppDelegate.swift */,
				8556C46A276E19AA00DAF611 /* SceneDelegate.swift */,
				8556C46C276E19AA00DAF611 /* DayViewController.swift */,
				8556C46E276E19AA00DAF611 /* Main.storyboard */,
				8556C474276E19AF00DAF611 /* Assets.xcassets */,
				8556C476276E19AF00DAF611 /* LaunchScreen.storyboard */,
				8556C479276E19AF00DAF611 /* Info.plist */,
				8556C47F276E363200DAF611 /* Week.swift */,
				8566CFA0276F5FE4008BD78B /* KeywordViewController.swift */,
				8566CFA2276F6002008BD78B /* WeekViewController.swift */,
				85C39A70276F76BB008FC2E5 /* DaysTableViewCell.swift */,
				85C39A73276F9911008FC2E5 /* Time_Visualizer.xcdatamodeld */,
				85C39A76276F9B40008FC2E5 /* WeekTableViewCell.swift */,
				85C39A78276FBCA0008FC2E5 /* KeywordViewControllerDelegate.swift */,
				85C39A7A276FEE5A008FC2E5 /* TextChangeDelegate.swift */,
			);
			path = "Time Visualizer";
			sourceTree = "<group>";
		};
		D0EA5850B9431F74D7872C4C /* Pods */ = {
			isa = PBXGroup;
			children = (
				6F5C016FB238701F2CB6B2BE /* Pods-Time Visualizer.debug.xcconfig */,
				5949F0A1C27558D9AF374EA2 /* Pods-Time Visualizer.release.xcconfig */,
			);
			path = Pods;
			sourceTree = "<group>";
		};
/* End PBXGroup section */

/* Begin PBXNativeTarget section */
		8556C464276E19AA00DAF611 /* Time Visualizer */ = {
			isa = PBXNativeTarget;
			buildConfigurationList = 8556C47C276E19AF00DAF611 /* Build configuration list for PBXNativeTarget "Time Visualizer" */;
			buildPhases = (
				11C902A49E9215F100424640 /* [CP] Check Pods Manifest.lock */,
				8556C461276E19AA00DAF611 /* Sources */,
				8556C462276E19AA00DAF611 /* Frameworks */,
				8556C463276E19AA00DAF611 /* Resources */,
				A32F03D5BA5E3D9B9B7C75E6 /* [CP] Embed Pods Frameworks */,
			);
			buildRules = (
			);
			dependencies = (
			);
			name = "Time Visualizer";
			productName = "Time Visualizer";
			productReference = 8556C465276E19AA00DAF611 /* Time Visualizer.app */;
			productType = "com.apple.product-type.application";
		};
/* End PBXNativeTarget section */

/* Begin PBXProject section */
		8556C45D276E19AA00DAF611 /* Project object */ = {
			isa = PBXProject;
			attributes = {
				BuildIndependentTargetsInParallel = 1;
				LastSwiftUpdateCheck = 1310;
				LastUpgradeCheck = 1310;
				TargetAttributes = {
					8556C464276E19AA00DAF611 = {
						CreatedOnToolsVersion = 13.1;
					};
				};
			};
			buildConfigurationList = 8556C460276E19AA00DAF611 /* Build configuration list for PBXProject "Time Visualizer" */;
			compatibilityVersion = "Xcode 13.0";
			developmentRegion = en;
			hasScannedForEncodings = 0;
			knownRegions = (
				en,
				Base,
			);
			mainGroup = 8556C45C276E19AA00DAF611;
			productRefGroup = 8556C466276E19AA00DAF611 /* Products */;
			projectDirPath = "";
			projectRoot = "";
			targets = (
				8556C464276E19AA00DAF611 /* Time Visualizer */,
			);
		};
/* End PBXProject section */

/* Begin PBXResourcesBuildPhase section */
		8556C463276E19AA00DAF611 /* Resources */ = {
			isa = PBXResourcesBuildPhase;
			buildActionMask = 2147483647;
			files = (
				8556C478276E19AF00DAF611 /* LaunchScreen.storyboard in Resources */,
				8556C475276E19AF00DAF611 /* Assets.xcassets in Resources */,
				8556C470276E19AA00DAF611 /* Main.storyboard in Resources */,
			);
			runOnlyForDeploymentPostprocessing = 0;
		};
/* End PBXResourcesBuildPhase section */

/* Begin PBXShellScriptBuildPhase section */
		11C902A49E9215F100424640 /* [CP] Check Pods Manifest.lock */ = {
			isa = PBXShellScriptBuildPhase;
			buildActionMask = 2147483647;
			files = (
			);
			inputFileListPaths = (
			);
			inputPaths = (
				"${PODS_PODFILE_DIR_PATH}/Podfile.lock",
				"${PODS_ROOT}/Manifest.lock",
			);
			name = "[CP] Check Pods Manifest.lock";
			outputFileListPaths = (
			);
			outputPaths = (
				"$(DERIVED_FILE_DIR)/Pods-Time Visualizer-checkManifestLockResult.txt",
			);
			runOnlyForDeploymentPostprocessing = 0;
			shellPath = /bin/sh;
			shellScript = "diff \"${PODS_PODFILE_DIR_PATH}/Podfile.lock\" \"${PODS_ROOT}/Manifest.lock\" > /dev/null\nif [ $? != 0 ] ; then\n    # print error to STDERR\n    echo \"error: The sandbox is not in sync with the Podfile.lock. Run 'pod install' or update your CocoaPods installation.\" >&2\n    exit 1\nfi\n# This output is used by Xcode 'outputs' to avoid re-running this script phase.\necho \"SUCCESS\" > \"${SCRIPT_OUTPUT_FILE_0}\"\n";
			showEnvVarsInLog = 0;
		};
		A32F03D5BA5E3D9B9B7C75E6 /* [CP] Embed Pods Frameworks */ = {
			isa = PBXShellScriptBuildPhase;
			buildActionMask = 2147483647;
			files = (
			);
			inputFileListPaths = (
				"${PODS_ROOT}/Target Support Files/Pods-Time Visualizer/Pods-Time Visualizer-frameworks-${CONFIGURATION}-input-files.xcfilelist",
			);
			name = "[CP] Embed Pods Frameworks";
			outputFileListPaths = (
				"${PODS_ROOT}/Target Support Files/Pods-Time Visualizer/Pods-Time Visualizer-frameworks-${CONFIGURATION}-output-files.xcfilelist",
			);
			runOnlyForDeploymentPostprocessing = 0;
			shellPath = /bin/sh;
			shellScript = "\"${PODS_ROOT}/Target Support Files/Pods-Time Visualizer/Pods-Time Visualizer-frameworks.sh\"\n";
			showEnvVarsInLog = 0;
		};
/* End PBXShellScriptBuildPhase section */

/* Begin PBXSourcesBuildPhase section */
		8556C461276E19AA00DAF611 /* Sources */ = {
			isa = PBXSourcesBuildPhase;
			buildActionMask = 2147483647;
			files = (
				85C39A75276F9911008FC2E5 /* Time_Visualizer.xcdatamodeld in Sources */,
				8566CFA3276F6002008BD78B /* WeekViewController.swift in Sources */,
				8566CFA1276F5FE4008BD78B /* KeywordViewController.swift in Sources */,
				8556C46D276E19AA00DAF611 /* DayViewController.swift in Sources */,
				85C39A77276F9B40008FC2E5 /* WeekTableViewCell.swift in Sources */,
				8556C480276E363200DAF611 /* Week.swift in Sources */,
				85C39A71276F76BB008FC2E5 /* DaysTableViewCell.swift in Sources */,
				85C39A7B276FEE5A008FC2E5 /* TextChangeDelegate.swift in Sources */,
				8556C469276E19AA00DAF611 /* AppDelegate.swift in Sources */,
				85C39A79276FBCA0008FC2E5 /* KeywordViewControllerDelegate.swift in Sources */,
				8556C46B276E19AA00DAF611 /* SceneDelegate.swift in Sources */,
			);
			runOnlyForDeploymentPostprocessing = 0;
		};
/* End PBXSourcesBuildPhase section */

/* Begin PBXVariantGroup section */
		8556C46E276E19AA00DAF611 /* Main.storyboard */ = {
			isa = PBXVariantGroup;
			children = (
				8556C46F276E19AA00DAF611 /* Base */,
			);
			name = Main.storyboard;
			sourceTree = "<group>";
		};
		8556C476276E19AF00DAF611 /* LaunchScreen.storyboard */ = {
			isa = PBXVariantGroup;
			children = (
				8556C477276E19AF00DAF611 /* Base */,
			);
			name = LaunchScreen.storyboard;
			sourceTree = "<group>";
		};
/* End PBXVariantGroup section */

/* Begin XCBuildConfiguration section */
		8556C47A276E19AF00DAF611 /* Debug */ = {
			isa = XCBuildConfiguration;
			buildSettings = {
				ALWAYS_SEARCH_USER_PATHS = NO;
				CLANG_ANALYZER_NONNULL = YES;
				CLANG_ANALYZER_NUMBER_OBJECT_CONVERSION = YES_AGGRESSIVE;
				CLANG_CXX_LANGUAGE_STANDARD = "gnu++17";
				CLANG_CXX_LIBRARY = "libc++";
				CLANG_ENABLE_MODULES = YES;
				CLANG_ENABLE_OBJC_ARC = YES;
				CLANG_ENABLE_OBJC_WEAK = YES;
				CLANG_WARN_BLOCK_CAPTURE_AUTORELEASING = YES;
				CLANG_WARN_BOOL_CONVERSION = YES;
				CLANG_WARN_COMMA = YES;
				CLANG_WARN_CONSTANT_CONVERSION = YES;
				CLANG_WARN_DEPRECATED_OBJC_IMPLEMENTATIONS = YES;
				CLANG_WARN_DIRECT_OBJC_ISA_USAGE = YES_ERROR;
				CLANG_WARN_DOCUMENTATION_COMMENTS = YES;
				CLANG_WARN_EMPTY_BODY = YES;
				CLANG_WARN_ENUM_CONVERSION = YES;
				CLANG_WARN_INFINITE_RECURSION = YES;
				CLANG_WARN_INT_CONVERSION = YES;
				CLANG_WARN_NON_LITERAL_NULL_CONVERSION = YES;
				CLANG_WARN_OBJC_IMPLICIT_RETAIN_SELF = YES;
				CLANG_WARN_OBJC_LITERAL_CONVERSION = YES;
				CLANG_WARN_OBJC_ROOT_CLASS = YES_ERROR;
				CLANG_WARN_QUOTED_INCLUDE_IN_FRAMEWORK_HEADER = YES;
				CLANG_WARN_RANGE_LOOP_ANALYSIS = YES;
				CLANG_WARN_STRICT_PROTOTYPES = YES;
				CLANG_WARN_SUSPICIOUS_MOVE = YES;
				CLANG_WARN_UNGUARDED_AVAILABILITY = YES_AGGRESSIVE;
				CLANG_WARN_UNREACHABLE_CODE = YES;
				CLANG_WARN__DUPLICATE_METHOD_MATCH = YES;
				COPY_PHASE_STRIP = NO;
				DEBUG_INFORMATION_FORMAT = dwarf;
				ENABLE_STRICT_OBJC_MSGSEND = YES;
				ENABLE_TESTABILITY = YES;
				GCC_C_LANGUAGE_STANDARD = gnu11;
				GCC_DYNAMIC_NO_PIC = NO;
				GCC_NO_COMMON_BLOCKS = YES;
				GCC_OPTIMIZATION_LEVEL = 0;
				GCC_PREPROCESSOR_DEFINITIONS = (
					"DEBUG=1",
					"$(inherited)",
				);
				GCC_WARN_64_TO_32_BIT_CONVERSION = YES;
				GCC_WARN_ABOUT_RETURN_TYPE = YES_ERROR;
				GCC_WARN_UNDECLARED_SELECTOR = YES;
				GCC_WARN_UNINITIALIZED_AUTOS = YES_AGGRESSIVE;
				GCC_WARN_UNUSED_FUNCTION = YES;
				GCC_WARN_UNUSED_VARIABLE = YES;
				IPHONEOS_DEPLOYMENT_TARGET = 15.0;
				MTL_ENABLE_DEBUG_INFO = INCLUDE_SOURCE;
				MTL_FAST_MATH = YES;
				ONLY_ACTIVE_ARCH = YES;
				SDKROOT = iphoneos;
				SWIFT_ACTIVE_COMPILATION_CONDITIONS = DEBUG;
				SWIFT_OPTIMIZATION_LEVEL = "-Onone";
			};
			name = Debug;
		};
		8556C47B276E19AF00DAF611 /* Release */ = {
			isa = XCBuildConfiguration;
			buildSettings = {
				ALWAYS_SEARCH_USER_PATHS = NO;
				CLANG_ANALYZER_NONNULL = YES;
				CLANG_ANALYZER_NUMBER_OBJECT_CONVERSION = YES_AGGRESSIVE;
				CLANG_CXX_LANGUAGE_STANDARD = "gnu++17";
				CLANG_CXX_LIBRARY = "libc++";
				CLANG_ENABLE_MODULES = YES;
				CLANG_ENABLE_OBJC_ARC = YES;
				CLANG_ENABLE_OBJC_WEAK = YES;
				CLANG_WARN_BLOCK_CAPTURE_AUTORELEASING = YES;
				CLANG_WARN_BOOL_CONVERSION = YES;
				CLANG_WARN_COMMA = YES;
				CLANG_WARN_CONSTANT_CONVERSION = YES;
				CLANG_WARN_DEPRECATED_OBJC_IMPLEMENTATIONS = YES;
				CLANG_WARN_DIRECT_OBJC_ISA_USAGE = YES_ERROR;
				CLANG_WARN_DOCUMENTATION_COMMENTS = YES;
				CLANG_WARN_EMPTY_BODY = YES;
				CLANG_WARN_ENUM_CONVERSION = YES;
				CLANG_WARN_INFINITE_RECURSION = YES;
				CLANG_WARN_INT_CONVERSION = YES;
				CLANG_WARN_NON_LITERAL_NULL_CONVERSION = YES;
				CLANG_WARN_OBJC_IMPLICIT_RETAIN_SELF = YES;
				CLANG_WARN_OBJC_LITERAL_CONVERSION = YES;
				CLANG_WARN_OBJC_ROOT_CLASS = YES_ERROR;
				CLANG_WARN_QUOTED_INCLUDE_IN_FRAMEWORK_HEADER = YES;
				CLANG_WARN_RANGE_LOOP_ANALYSIS = YES;
				CLANG_WARN_STRICT_PROTOTYPES = YES;
				CLANG_WARN_SUSPICIOUS_MOVE = YES;
				CLANG_WARN_UNGUARDED_AVAILABILITY = YES_AGGRESSIVE;
				CLANG_WARN_UNREACHABLE_CODE = YES;
				CLANG_WARN__DUPLICATE_METHOD_MATCH = YES;
				COPY_PHASE_STRIP = NO;
				DEBUG_INFORMATION_FORMAT = "dwarf-with-dsym";
				ENABLE_NS_ASSERTIONS = NO;
				ENABLE_STRICT_OBJC_MSGSEND = YES;
				GCC_C_LANGUAGE_STANDARD = gnu11;
				GCC_NO_COMMON_BLOCKS = YES;
				GCC_WARN_64_TO_32_BIT_CONVERSION = YES;
				GCC_WARN_ABOUT_RETURN_TYPE = YES_ERROR;
				GCC_WARN_UNDECLARED_SELECTOR = YES;
				GCC_WARN_UNINITIALIZED_AUTOS = YES_AGGRESSIVE;
				GCC_WARN_UNUSED_FUNCTION = YES;
				GCC_WARN_UNUSED_VARIABLE = YES;
				IPHONEOS_DEPLOYMENT_TARGET = 15.0;
				MTL_ENABLE_DEBUG_INFO = NO;
				MTL_FAST_MATH = YES;
				SDKROOT = iphoneos;
				SWIFT_COMPILATION_MODE = wholemodule;
				SWIFT_OPTIMIZATION_LEVEL = "-O";
				VALIDATE_PRODUCT = YES;
			};
			name = Release;
		};
		8556C47D276E19AF00DAF611 /* Debug */ = {
			isa = XCBuildConfiguration;
			baseConfigurationReference = 6F5C016FB238701F2CB6B2BE /* Pods-Time Visualizer.debug.xcconfig */;
			buildSettings = {
				ASSETCATALOG_COMPILER_APPICON_NAME = AppIcon;
				ASSETCATALOG_COMPILER_GLOBAL_ACCENT_COLOR_NAME = AccentColor;
				CODE_SIGN_STYLE = Automatic;
				CURRENT_PROJECT_VERSION = 1;
				DEVELOPMENT_TEAM = 6U56M9YG4Q;
				GENERATE_INFOPLIST_FILE = YES;
				INFOPLIST_FILE = "Time Visualizer/Info.plist";
				INFOPLIST_KEY_UIApplicationSupportsIndirectInputEvents = YES;
				INFOPLIST_KEY_UILaunchStoryboardName = LaunchScreen;
				INFOPLIST_KEY_UIMainStoryboardFile = Main;
				INFOPLIST_KEY_UISupportedInterfaceOrientations_iPad = "UIInterfaceOrientationPortrait UIInterfaceOrientationPortraitUpsideDown UIInterfaceOrientationLandscapeLeft UIInterfaceOrientationLandscapeRight";
				INFOPLIST_KEY_UISupportedInterfaceOrientations_iPhone = "UIInterfaceOrientationPortrait UIInterfaceOrientationLandscapeLeft UIInterfaceOrientationLandscapeRight";
				LD_RUNPATH_SEARCH_PATHS = (
					"$(inherited)",
					"@executable_path/Frameworks",
				);
				MARKETING_VERSION = 1.0;
				PRODUCT_BUNDLE_IDENTIFIER = "Safa.Time-Visualizer";
				PRODUCT_NAME = "$(TARGET_NAME)";
				SWIFT_EMIT_LOC_STRINGS = YES;
				SWIFT_VERSION = 5.0;
				TARGETED_DEVICE_FAMILY = "1,2";
			};
			name = Debug;
		};
		8556C47E276E19AF00DAF611 /* Release */ = {
			isa = XCBuildConfiguration;
			baseConfigurationReference = 5949F0A1C27558D9AF374EA2 /* Pods-Time Visualizer.release.xcconfig */;
			buildSettings = {
				ASSETCATALOG_COMPILER_APPICON_NAME = AppIcon;
				ASSETCATALOG_COMPILER_GLOBAL_ACCENT_COLOR_NAME = AccentColor;
				CODE_SIGN_STYLE = Automatic;
				CURRENT_PROJECT_VERSION = 1;
				DEVELOPMENT_TEAM = 6U56M9YG4Q;
				GENERATE_INFOPLIST_FILE = YES;
				INFOPLIST_FILE = "Time Visualizer/Info.plist";
				INFOPLIST_KEY_UIApplicationSupportsIndirectInputEvents = YES;
				INFOPLIST_KEY_UILaunchStoryboardName = LaunchScreen;
				INFOPLIST_KEY_UIMainStoryboardFile = Main;
				INFOPLIST_KEY_UISupportedInterfaceOrientations_iPad = "UIInterfaceOrientationPortrait UIInterfaceOrientationPortraitUpsideDown UIInterfaceOrientationLandscapeLeft UIInterfaceOrientationLandscapeRight";
				INFOPLIST_KEY_UISupportedInterfaceOrientations_iPhone = "UIInterfaceOrientationPortrait UIInterfaceOrientationLandscapeLeft UIInterfaceOrientationLandscapeRight";
				LD_RUNPATH_SEARCH_PATHS = (
					"$(inherited)",
					"@executable_path/Frameworks",
				);
				MARKETING_VERSION = 1.0;
				PRODUCT_BUNDLE_IDENTIFIER = "Safa.Time-Visualizer";
				PRODUCT_NAME = "$(TARGET_NAME)";
				SWIFT_EMIT_LOC_STRINGS = YES;
				SWIFT_VERSION = 5.0;
				TARGETED_DEVICE_FAMILY = "1,2";
			};
			name = Release;
		};
/* End XCBuildConfiguration section */

/* Begin XCConfigurationList section */
		8556C460276E19AA00DAF611 /* Build configuration list for PBXProject "Time Visualizer" */ = {
			isa = XCConfigurationList;
			buildConfigurations = (
				8556C47A276E19AF00DAF611 /* Debug */,
				8556C47B276E19AF00DAF611 /* Release */,
			);
			defaultConfigurationIsVisible = 0;
			defaultConfigurationName = Release;
		};
		8556C47C276E19AF00DAF611 /* Build configuration list for PBXNativeTarget "Time Visualizer" */ = {
			isa = XCConfigurationList;
			buildConfigurations = (
				8556C47D276E19AF00DAF611 /* Debug */,
				8556C47E276E19AF00DAF611 /* Release */,
			);
			defaultConfigurationIsVisible = 0;
			defaultConfigurationName = Release;
		};
/* End XCConfigurationList section */

/* Begin XCVersionGroup section */
		85C39A73276F9911008FC2E5 /* Time_Visualizer.xcdatamodeld */ = {
			isa = XCVersionGroup;
			children = (
				85C39A74276F9911008FC2E5 /* Time_Visualizer.xcdatamodel */,
			);
			currentVersion = 85C39A74276F9911008FC2E5 /* Time_Visualizer.xcdatamodel */;
			path = Time_Visualizer.xcdatamodeld;
			sourceTree = "<group>";
			versionGroupType = wrapper.xcdatamodel;
		};
/* End XCVersionGroup section */
	};
	rootObject = 8556C45D276E19AA00DAF611 /* Project object */;
}
